
Microsoft Visual Studio Solution File, Format Version 12.00
# Visual Studio 15
VisualStudioVersion = 15.0.26430.6
MinimumVisualStudioVersion = 10.0.40219.1
Project("{9092AA53-FB77-4645-B42D-1CCCA6BD08BD}") = "IsPizzaHalfPriceSkill", "IsPizzaHalfPriceSkill.njsproj", "{A106C76B-4A53-43A3-A5A8-4C188CC9939C}"
EndProject
Global
	GlobalSection(SolutionConfigurationPlatforms) = preSolution
		Debug|Any CPU = Debug|Any CPU
		Release|Any CPU = Release|Any CPU
	EndGlobalSection
	GlobalSection(ProjectConfigurationPlatforms) = postSolution
		{A106C76B-4A53-43A3-A5A8-4C188CC9939C}.Debug|Any CPU.ActiveCfg = Debug|Any CPU
		{A106C76B-4A53-43A3-A5A8-4C188CC9939C}.Debug|Any CPU.Build.0 = Debug|Any CPU
		{A106C76B-4A53-43A3-A5A8-4C188CC9939C}.Release|Any CPU.ActiveCfg = Release|Any CPU
		{A106C76B-4A53-43A3-A5A8-4C188CC9939C}.Release|Any CPU.Build.0 = Release|Any CPU
	EndGlobalSection
	GlobalSection(SolutionProperties) = preSolution
		HideSolutionNode = FALSE
	EndGlobalSection
EndGlobal
